
Microsoft Visual Studio Solution File, Format Version 12.00
# Visual Studio Version 17
VisualStudioVersion = 17.5.002.0
MinimumVisualStudioVersion = 10.0.40219.1
Project("{9A19103F-16F7-4668-BE54-9A1E7A4F7556}") = "Group1", "Group1.csproj", "{2E2CA2DB-D6EA-4464-871E-4BDF75BDB91E}"
EndProject
Global
	GlobalSection(SolutionConfigurationPlatforms) = preSolution
		Debug|Any CPU = Debug|Any CPU
		Release|Any CPU = Release|Any CPU
	EndGlobalSection
	GlobalSection(ProjectConfigurationPlatforms) = postSolution
		{2E2CA2DB-D6EA-4464-871E-4BDF75BDB91E}.Debug|Any CPU.ActiveCfg = Debug|Any CPU
		{2E2CA2DB-D6EA-4464-871E-4BDF75BDB91E}.Debug|Any CPU.Build.0 = Debug|Any CPU
		{2E2CA2DB-D6EA-4464-871E-4BDF75BDB91E}.Release|Any CPU.ActiveCfg = Release|Any CPU
		{2E2CA2DB-D6EA-4464-871E-4BDF75BDB91E}.Release|Any CPU.Build.0 = Release|Any CPU
	EndGlobalSection
	GlobalSection(SolutionProperties) = preSolution
		HideSolutionNode = FALSE
	EndGlobalSection
	GlobalSection(ExtensibilityGlobals) = postSolution
		SolutionGuid = {082304A7-69BC-412F-8156-8AEC322F80C1}
	EndGlobalSection
EndGlobal
